{
  "name": "hashimukh-tree",
  "version": "1.0.0",
  "lockfileVersion": 3,
  "requires": true,
  "packages": {
    "": {
      "name": "hashimukh-tree",
      "version": "1.0.0",
      "license": "ISC",
      "dependencies": {
        "@dafour/treemaker": "^1.0.1"
      }
    },
    "node_modules/@dafour/treemaker": {
      "version": "1.0.1",
      "resolved": "https://registry.npmjs.org/@dafour/treemaker/-/treemaker-1.0.1.tgz",
      "integrity": "sha512-KSethz6GHsIeZmXiX38Zf35NibPJ3G4rLMO50BiZCAmBreJwXcrPsqBVp7d+dR4VmIOgRfrYDDmkLTIP9LppQw==",
      "license": "ISC"
    }
  }
}
